
Microsoft Visual Studio Solution File, Format Version 12.00
# Visual Studio Version 17
VisualStudioVersion = 17.14.37531.7 d17.14
MinimumVisualStudioVersion = 10.0.40219.1
Project("{FAE04EC0-301F-11D3-BF4B-00C04F79EFBC}") = "questao1", "questao1.csproj", "{76AEA0FD-FC17-4DF0-A876-CA90CEF49FB8}"
EndProject
Global
	GlobalSection(SolutionConfigurationPlatforms) = preSolution
		Debug|Any CPU = Debug|Any CPU
		Release|Any CPU = Release|Any CPU
	EndGlobalSection
	GlobalSection(ProjectConfigurationPlatforms) = postSolution
		{76AEA0FD-FC17-4DF0-A876-CA90CEF49FB8}.Debug|Any CPU.ActiveCfg = Debug|Any CPU
		{76AEA0FD-FC17-4DF0-A876-CA90CEF49FB8}.Debug|Any CPU.Build.0 = Debug|Any CPU
		{76AEA0FD-FC17-4DF0-A876-CA90CEF49FB8}.Release|Any CPU.ActiveCfg = Release|Any CPU
		{76AEA0FD-FC17-4DF0-A876-CA90CEF49FB8}.Release|Any CPU.Build.0 = Release|Any CPU
	EndGlobalSection
	GlobalSection(SolutionProperties) = preSolution
		HideSolutionNode = FALSE
	EndGlobalSection
	GlobalSection(ExtensibilityGlobals) = postSolution
		SolutionGuid = {29F77528-A4C5-4F4F-B4C6-FE395E28EE73}
	EndGlobalSection
EndGlobal
